
Microsoft Visual Studio Solution File, Format Version 12.00
# Visual Studio Version 16
VisualStudioVersion = 16.0.30011.22
MinimumVisualStudioVersion = 10.0.40219.1
Project("{FAE04EC0-301F-11D3-BF4B-00C04F79EFBC}") = "Teacher.Web", "Teacher.Web\Teacher.Web.csproj", "{DD51FF08-DF39-4D98-AEA8-9D809D7AE765}"
EndProject
Project("{FAE04EC0-301F-11D3-BF4B-00C04F79EFBC}") = "Teacher.Data", "Teacher.Data\Teacher.Data.csproj", "{534D4DB0-5F06-4042-A59A-179D6087B77C}"
EndProject
Global
	GlobalSection(SolutionConfigurationPlatforms) = preSolution
		Debug|Any CPU = Debug|Any CPU
		Release|Any CPU = Release|Any CPU
	EndGlobalSection
	GlobalSection(ProjectConfigurationPlatforms) = postSolution
		{DD51FF08-DF39-4D98-AEA8-9D809D7AE765}.Debug|Any CPU.ActiveCfg = Debug|Any CPU
		{DD51FF08-DF39-4D98-AEA8-9D809D7AE765}.Debug|Any CPU.Build.0 = Debug|Any CPU
		{DD51FF08-DF39-4D98-AEA8-9D809D7AE765}.Release|Any CPU.ActiveCfg = Release|Any CPU
		{DD51FF08-DF39-4D98-AEA8-9D809D7AE765}.Release|Any CPU.Build.0 = Release|Any CPU
		{534D4DB0-5F06-4042-A59A-179D6087B77C}.Debug|Any CPU.ActiveCfg = Debug|Any CPU
		{534D4DB0-5F06-4042-A59A-179D6087B77C}.Debug|Any CPU.Build.0 = Debug|Any CPU
		{534D4DB0-5F06-4042-A59A-179D6087B77C}.Release|Any CPU.ActiveCfg = Release|Any CPU
		{534D4DB0-5F06-4042-A59A-179D6087B77C}.Release|Any CPU.Build.0 = Release|Any CPU
	EndGlobalSection
	GlobalSection(SolutionProperties) = preSolution
		HideSolutionNode = FALSE
	EndGlobalSection
	GlobalSection(ExtensibilityGlobals) = postSolution
		SolutionGuid = {9EA5B58E-F80E-4690-9D46-1CB4BFA2C772}
	EndGlobalSection
EndGlobal
